
Microsoft Visual Studio Solution File, Format Version 12.00
# Visual Studio Version 16
VisualStudioVersion = 16.0.31729.503
MinimumVisualStudioVersion = 10.0.40219.1
Project("{FAE04EC0-301F-11D3-BF4B-00C04F79EFBC}") = "translator2.0", "translator2.0\translator2.0.csproj", "{310906B3-500B-4C65-9E67-88B2547E659C}"
EndProject
Global
	GlobalSection(SolutionConfigurationPlatforms) = preSolution
		Debug|Any CPU = Debug|Any CPU
		Release|Any CPU = Release|Any CPU
	EndGlobalSection
	GlobalSection(ProjectConfigurationPlatforms) = postSolution
		{310906B3-500B-4C65-9E67-88B2547E659C}.Debug|Any CPU.ActiveCfg = Debug|Any CPU
		{310906B3-500B-4C65-9E67-88B2547E659C}.Debug|Any CPU.Build.0 = Debug|Any CPU
		{310906B3-500B-4C65-9E67-88B2547E659C}.Release|Any CPU.ActiveCfg = Release|Any CPU
		{310906B3-500B-4C65-9E67-88B2547E659C}.Release|Any CPU.Build.0 = Release|Any CPU
	EndGlobalSection
	GlobalSection(SolutionProperties) = preSolution
		HideSolutionNode = FALSE
	EndGlobalSection
	GlobalSection(ExtensibilityGlobals) = postSolution
		SolutionGuid = {17335BAE-6D18-4065-8C96-A21515A9C75D}
	EndGlobalSection
EndGlobal
